PODS:
  - Flutter (1.0.0)
  - UMCAnalytics (6.0.2):
    - UMCCommon
  - UMCCommon (2.0.0)
  - UMCPush (3.2.4):
    - UMCCommon
  - umeng_analytics_push (0.0.1):
    - Flutter
    - UMCAnalytics
    - UMCCommon
    - UMCPush

DEPENDENCIES:
  - Flutter (from `.symlinks/flutter/ios`)
  - umeng_analytics_push (from `.symlinks/plugins/umeng_analytics_push/ios`)

SPEC REPOS:
  https://github.com/CocoaPods/Specs.git:
    - UMCAnalytics
    - UMCCommon
  trunk:
    - UMCPush

EXTERNAL SOURCES:
  Flutter:
    :path: ".symlinks/flutter/ios"
  umeng_analytics_push:
    :path: ".symlinks/plugins/umeng_analytics_push/ios"

SPEC CHECKSUMS:
  Flutter: 0e3d915762c693b495b44d77113d4970485de6ec
  UMCAnalytics: 901960ede5a8a85f208bd37689ad3e607b433930
  UMCCommon: 79b5a614c958db367113eed5740109d9a98e1223
  UMCPush: 1edd856027dcf905333effb4040ace5d236a7316
  umeng_analytics_push: 8c947d5927dfa35ddc8890af330140460e39f2fd

PODFILE CHECKSUM: aff02bfeed411c636180d6812254b2daeea14d09

COCOAPODS: 1.8.4
